
Microsoft Visual Studio Solution File, Format Version 12.00
# Visual Studio 2012
VisualStudioVersion = 14.0.24720.0
MinimumVisualStudioVersion = 10.0.40219.1
Project("{FAE04EC0-301F-11D3-BF4B-00C04F79EFBC}") = "DominionEngine", "DominionEngine\DominionEngine.csproj", "{5713DEE5-890B-4A02-AF5F-B02A1798AEB7}"
EndProject
Project("{FAE04EC0-301F-11D3-BF4B-00C04F79EFBC}") = "DominionEngineSL", "DominionEngineSL\DominionEngineSL.csproj", "{3E8F2950-7637-4401-A435-3CDFFFD9A12A}"
EndProject
Project("{FAE04EC0-301F-11D3-BF4B-00C04F79EFBC}") = "DominionSL", "DominionSL\DominionSL.csproj", "{64875168-423C-4A77-9D95-86FC6CF3E7D6}"
EndProject
Project("{FAE04EC0-301F-11D3-BF4B-00C04F79EFBC}") = "DominionSL.Web", "DominionSL.Web\DominionSL.Web.csproj", "{72C3A018-E672-44BD-8152-684C10888D72}"
EndProject
Project("{FAE04EC0-301F-11D3-BF4B-00C04F79EFBC}") = "DominionServer", "DominionServer\DominionServer.csproj", "{F8634EC8-26BB-4631-8663-CBDD93294F28}"
EndProject
Project("{FAE04EC0-301F-11D3-BF4B-00C04F79EFBC}") = "TestClient", "TestClient\TestClient.csproj", "{075ABB55-C319-4B96-9412-03C9FEE710F4}"
EndProject
Project("{FAE04EC0-301F-11D3-BF4B-00C04F79EFBC}") = "WpfClient", "WpfClient\WpfClient.csproj", "{6929E26E-07F9-4BDA-A97F-D2E0A9249556}"
EndProject
Project("{FAE04EC0-301F-11D3-BF4B-00C04F79EFBC}") = "DominionPhone", "DominionPhone\DominionPhone.csproj", "{EE41878B-5EEA-4A43-9031-532AE7D557AD}"
EndProject
Project("{FAE04EC0-301F-11D3-BF4B-00C04F79EFBC}") = "DominionEnginePhone", "DominionEnginePhone\DominionEnginePhone.csproj", "{43273316-7893-4ACC-BD0D-688654554C05}"
EndProject
Project("{FAE04EC0-301F-11D3-BF4B-00C04F79EFBC}") = "DominionJupiter", "DominionJupiter\DominionJupiter.csproj", "{7B4356EA-A971-4C80-8616-8BB235347A24}"
EndProject
Project("{FAE04EC0-301F-11D3-BF4B-00C04F79EFBC}") = "DominionEngineJupiter", "DominionEngineJupiter\DominionEngineJupiter.csproj", "{640D72A3-0455-4252-9914-1D0698ABAE10}"
EndProject
Project("{FAE04EC0-301F-11D3-BF4B-00C04F79EFBC}") = "SilverlightPolicyServer", "SilverlightPolicyServer\SilverlightPolicyServer.csproj", "{DDB58B14-98D7-4F04-A743-07B81D60ED08}"
EndProject
Project("{FAE04EC0-301F-11D3-BF4B-00C04F79EFBC}") = "Tests", "Tests\Tests.csproj", "{A652B754-02B9-406F-AC13-E0EE109BC92D}"
EndProject
Project("{2150E333-8FDC-42A3-9474-1A3956D46DE8}") = "Solution Items", "Solution Items", "{7AD5F516-32CA-48C8-9486-805E1FE50FCD}"
EndProject
Project("{FAE04EC0-301F-11D3-BF4B-00C04F79EFBC}") = "DominionPhone81", "DominionPhone81\DominionPhone81.csproj", "{67EB78F7-A9F7-44B0-B998-40B82CD62DB8}"
EndProject
Project("{FAE04EC0-301F-11D3-BF4B-00C04F79EFBC}") = "DominionJupiterLibrary", "DominionJupiterLibrary\DominionJupiterLibrary.csproj", "{FEA1B013-A454-4545-8B17-F132A65F7562}"
EndProject
Project("{FAE04EC0-301F-11D3-BF4B-00C04F79EFBC}") = "DominionJupiterUniversalEngine81", "DominionJupiterUniversalEngine81\DominionJupiterUniversalEngine81.csproj", "{5A63D433-E137-4EEE-9B6D-B34C98D58464}"
EndProject
Project("{FAE04EC0-301F-11D3-BF4B-00C04F79EFBC}") = "DominionEngineUWP", "DominionEngineUWP\DominionEngineUWP.csproj", "{AE2F141F-7C66-492E-883D-F02E23BB56D3}"
EndProject
Project("{FAE04EC0-301F-11D3-BF4B-00C04F79EFBC}") = "DominionUWP", "DominionUWP\DominionUWP.csproj", "{B41DE76A-D3E6-4DA3-A711-3B4DE68625C6}"
EndProject
Project("{FAE04EC0-301F-11D3-BF4B-00C04F79EFBC}") = "DominionUWPLibrary", "DominionUWPLibrary\DominionUWPLibrary.csproj", "{2BA62EF7-2024-4519-930A-8CD650FF4F4E}"
EndProject
Project("{FAE04EC0-301F-11D3-BF4B-00C04F79EFBC}") = "DominionXamarin.iOS", "iOS\DominionXamarin.iOS.csproj", "{EDD9EF4E-74FC-4314-8AAB-FC9AD6B2CCF4}"
EndProject
Project("{FAE04EC0-301F-11D3-BF4B-00C04F79EFBC}") = "DominionXamarin.Droid", "Droid\DominionXamarin.Droid.csproj", "{1E7A3DFA-9379-4C8A-892E-148D078A6C7A}"
EndProject
Project("{FAE04EC0-301F-11D3-BF4B-00C04F79EFBC}") = "DominionXamarinForms", "DominionXamarinForms\DominionXamarinForms.csproj", "{AAC78484-EE4C-45D7-9CF1-30CF23A75F79}"
EndProject
Project("{9344BDBB-3E7F-41FC-A0DD-8665D75EE146}") = "DominionEngineXamarinPCL", "DominionEngineXamarinPCL\DominionEngineXamarinPCL.csproj", "{389598AB-F02F-4394-A047-FC44B990D842}"
EndProject
Global
	GlobalSection(SolutionConfigurationPlatforms) = preSolution
		Debug|Any CPU = Debug|Any CPU
		Debug|ARM = Debug|ARM
		Debug|Mixed Platforms = Debug|Mixed Platforms
		Debug|x64 = Debug|x64
		Debug|x86 = Debug|x86
		Release|Any CPU = Release|Any CPU
		Release|ARM = Release|ARM
		Release|Mixed Platforms = Release|Mixed Platforms
		Release|x64 = Release|x64
		Release|x86 = Release|x86
		Debug|iPhoneSimulator = Debug|iPhoneSimulator
		Release|iPhone = Release|iPhone
		Release|iPhoneSimulator = Release|iPhoneSimulator
		Debug|iPhone = Debug|iPhone
	EndGlobalSection
	GlobalSection(ProjectConfigurationPlatforms) = postSolution
		{075ABB55-C319-4B96-9412-03C9FEE710F4}.Debug|Any CPU.ActiveCfg = Debug|x86
		{075ABB55-C319-4B96-9412-03C9FEE710F4}.Debug|Any CPU.Build.0 = Debug|x86
		{075ABB55-C319-4B96-9412-03C9FEE710F4}.Debug|ARM.ActiveCfg = Debug|x86
		{075ABB55-C319-4B96-9412-03C9FEE710F4}.Debug|ARM.Build.0 = Debug|x86
		{075ABB55-C319-4B96-9412-03C9FEE710F4}.Debug|iPhone.ActiveCfg = Debug|x86
		{075ABB55-C319-4B96-9412-03C9FEE710F4}.Debug|iPhone.Build.0 = Debug|x86
		{075ABB55-C319-4B96-9412-03C9FEE710F4}.Debug|iPhoneSimulator.ActiveCfg = Debug|x86
		{075ABB55-C319-4B96-9412-03C9FEE710F4}.Debug|iPhoneSimulator.Build.0 = Debug|x86
		{075ABB55-C319-4B96-9412-03C9FEE710F4}.Debug|Mixed Platforms.ActiveCfg = Debug|x86
		{075ABB55-C319-4B96-9412-03C9FEE710F4}.Debug|Mixed Platforms.Build.0 = Debug|x86
		{075ABB55-C319-4B96-9412-03C9FEE710F4}.Debug|x64.ActiveCfg = Debug|x86
		{075ABB55-C319-4B96-9412-03C9FEE710F4}.Debug|x64.Build.0 = Debug|x86
		{075ABB55-C319-4B96-9412-03C9FEE710F4}.Debug|x86.ActiveCfg = Debug|x86
		{075ABB55-C319-4B96-9412-03C9FEE710F4}.Debug|x86.Build.0 = Debug|x86
		{075ABB55-C319-4B96-9412-03C9FEE710F4}.Release|Any CPU.ActiveCfg = Release|x86
		{075ABB55-C319-4B96-9412-03C9FEE710F4}.Release|Any CPU.Build.0 = Release|x86
		{075ABB55-C319-4B96-9412-03C9FEE710F4}.Release|ARM.ActiveCfg = Release|x86
		{075ABB55-C319-4B96-9412-03C9FEE710F4}.Release|ARM.Build.0 = Release|x86
		{075ABB55-C319-4B96-9412-03C9FEE710F4}.Release|iPhone.ActiveCfg = Release|x86
		{075ABB55-C319-4B96-9412-03C9FEE710F4}.Release|iPhone.Build.0 = Release|x86
		{075ABB55-C319-4B96-9412-03C9FEE710F4}.Release|iPhoneSimulator.ActiveCfg = Release|x86
		{075ABB55-C319-4B96-9412-03C9FEE710F4}.Release|iPhoneSimulator.Build.0 = Release|x86
		{075ABB55-C319-4B96-9412-03C9FEE710F4}.Release|Mixed Platforms.ActiveCfg = Release|x86
		{075ABB55-C319-4B96-9412-03C9FEE710F4}.Release|Mixed Platforms.Build.0 = Release|x86
		{075ABB55-C319-4B96-9412-03C9FEE710F4}.Release|x64.ActiveCfg = Release|x86
		{075ABB55-C319-4B96-9412-03C9FEE710F4}.Release|x64.Build.0 = Release|x86
		{075ABB55-C319-4B96-9412-03C9FEE710F4}.Release|x86.ActiveCfg = Release|x86
		{075ABB55-C319-4B96-9412-03C9FEE710F4}.Release|x86.Build.0 = Release|x86
		{1E7A3DFA-9379-4C8A-892E-148D078A6C7A}.Debug|Any CPU.ActiveCfg = Debug|Any CPU
		{1E7A3DFA-9379-4C8A-892E-148D078A6C7A}.Debug|Any CPU.Build.0 = Debug|Any CPU
		{1E7A3DFA-9379-4C8A-892E-148D078A6C7A}.Debug|ARM.ActiveCfg = Debug|Any CPU
		{1E7A3DFA-9379-4C8A-892E-148D078A6C7A}.Debug|ARM.Build.0 = Debug|Any CPU
		{1E7A3DFA-9379-4C8A-892E-148D078A6C7A}.Debug|iPhone.ActiveCfg = Debug|Any CPU
		{1E7A3DFA-9379-4C8A-892E-148D078A6C7A}.Debug|iPhone.Build.0 = Debug|Any CPU
		{1E7A3DFA-9379-4C8A-892E-148D078A6C7A}.Debug|iPhoneSimulator.ActiveCfg = Debug|Any CPU
		{1E7A3DFA-9379-4C8A-892E-148D078A6C7A}.Debug|iPhoneSimulator.Build.0 = Debug|Any CPU
		{1E7A3DFA-9379-4C8A-892E-148D078A6C7A}.Debug|Mixed Platforms.ActiveCfg = Debug|Any CPU
		{1E7A3DFA-9379-4C8A-892E-148D078A6C7A}.Debug|Mixed Platforms.Build.0 = Debug|Any CPU
		{1E7A3DFA-9379-4C8A-892E-148D078A6C7A}.Debug|x64.ActiveCfg = Debug|Any CPU
		{1E7A3DFA-9379-4C8A-892E-148D078A6C7A}.Debug|x64.Build.0 = Debug|Any CPU
		{1E7A3DFA-9379-4C8A-892E-148D078A6C7A}.Debug|x86.ActiveCfg = Debug|Any CPU
		{1E7A3DFA-9379-4C8A-892E-148D078A6C7A}.Debug|x86.Build.0 = Debug|Any CPU
		{1E7A3DFA-9379-4C8A-892E-148D078A6C7A}.Release|Any CPU.ActiveCfg = Release|Any CPU
		{1E7A3DFA-9379-4C8A-892E-148D078A6C7A}.Release|Any CPU.Build.0 = Release|Any CPU
		{1E7A3DFA-9379-4C8A-892E-148D078A6C7A}.Release|ARM.ActiveCfg = Release|Any CPU
		{1E7A3DFA-9379-4C8A-892E-148D078A6C7A}.Release|ARM.Build.0 = Release|Any CPU
		{1E7A3DFA-9379-4C8A-892E-148D078A6C7A}.Release|iPhone.ActiveCfg = Release|Any CPU
		{1E7A3DFA-9379-4C8A-892E-148D078A6C7A}.Release|iPhone.Build.0 = Release|Any CPU
		{1E7A3DFA-9379-4C8A-892E-148D078A6C7A}.Release|iPhoneSimulator.ActiveCfg = Release|Any CPU
		{1E7A3DFA-9379-4C8A-892E-148D078A6C7A}.Release|iPhoneSimulator.Build.0 = Release|Any CPU
		{1E7A3DFA-9379-4C8A-892E-148D078A6C7A}.Release|Mixed Platforms.ActiveCfg = Release|Any CPU
		{1E7A3DFA-9379-4C8A-892E-148D078A6C7A}.Release|Mixed Platforms.Build.0 = Release|Any CPU
		{1E7A3DFA-9379-4C8A-892E-148D078A6C7A}.Release|x64.ActiveCfg = Release|Any CPU
		{1E7A3DFA-9379-4C8A-892E-148D078A6C7A}.Release|x64.Build.0 = Release|Any CPU
		{1E7A3DFA-9379-4C8A-892E-148D078A6C7A}.Release|x86.ActiveCfg = Release|Any CPU
		{1E7A3DFA-9379-4C8A-892E-148D078A6C7A}.Release|x86.Build.0 = Release|Any CPU
		{2BA62EF7-2024-4519-930A-8CD650FF4F4E}.Debug|Any CPU.ActiveCfg = Debug|Any CPU
		{2BA62EF7-2024-4519-930A-8CD650FF4F4E}.Debug|Any CPU.Build.0 = Debug|Any CPU
		{2BA62EF7-2024-4519-930A-8CD650FF4F4E}.Debug|ARM.ActiveCfg = Debug|ARM
		{2BA62EF7-2024-4519-930A-8CD650FF4F4E}.Debug|ARM.Build.0 = Debug|ARM
		{2BA62EF7-2024-4519-930A-8CD650FF4F4E}.Debug|iPhone.ActiveCfg = Debug|Any CPU
		{2BA62EF7-2024-4519-930A-8CD650FF4F4E}.Debug|iPhoneSimulator.ActiveCfg = Debug|Any CPU
		{2BA62EF7-2024-4519-930A-8CD650FF4F4E}.Debug|Mixed Platforms.ActiveCfg = Debug|x86
		{2BA62EF7-2024-4519-930A-8CD650FF4F4E}.Debug|Mixed Platforms.Build.0 = Debug|x86
		{2BA62EF7-2024-4519-930A-8CD650FF4F4E}.Debug|x64.ActiveCfg = Debug|x64
		{2BA62EF7-2024-4519-930A-8CD650FF4F4E}.Debug|x64.Build.0 = Debug|x64
		{2BA62EF7-2024-4519-930A-8CD650FF4F4E}.Debug|x86.ActiveCfg = Debug|x86
		{2BA62EF7-2024-4519-930A-8CD650FF4F4E}.Debug|x86.Build.0 = Debug|x86
		{2BA62EF7-2024-4519-930A-8CD650FF4F4E}.Release|Any CPU.ActiveCfg = Release|Any CPU
		{2BA62EF7-2024-4519-930A-8CD650FF4F4E}.Release|Any CPU.Build.0 = Release|Any CPU
		{2BA62EF7-2024-4519-930A-8CD650FF4F4E}.Release|ARM.ActiveCfg = Release|ARM
		{2BA62EF7-2024-4519-930A-8CD650FF4F4E}.Release|ARM.Build.0 = Release|ARM
		{2BA62EF7-2024-4519-930A-8CD650FF4F4E}.Release|iPhone.ActiveCfg = Release|Any CPU
		{2BA62EF7-2024-4519-930A-8CD650FF4F4E}.Release|iPhoneSimulator.ActiveCfg = Release|Any CPU
		{2BA62EF7-2024-4519-930A-8CD650FF4F4E}.Release|Mixed Platforms.ActiveCfg = Release|x86
		{2BA62EF7-2024-4519-930A-8CD650FF4F4E}.Release|Mixed Platforms.Build.0 = Release|x86
		{2BA62EF7-2024-4519-930A-8CD650FF4F4E}.Release|x64.ActiveCfg = Release|x64
		{2BA62EF7-2024-4519-930A-8CD650FF4F4E}.Release|x64.Build.0 = Release|x64
		{2BA62EF7-2024-4519-930A-8CD650FF4F4E}.Release|x86.ActiveCfg = Release|x86
		{2BA62EF7-2024-4519-930A-8CD650FF4F4E}.Release|x86.Build.0 = Release|x86
		{3E8F2950-7637-4401-A435-3CDFFFD9A12A}.Debug|Any CPU.ActiveCfg = Debug|Any CPU
		{3E8F2950-7637-4401-A435-3CDFFFD9A12A}.Debug|Any CPU.Build.0 = Debug|Any CPU
		{3E8F2950-7637-4401-A435-3CDFFFD9A12A}.Debug|ARM.ActiveCfg = Debug|Any CPU
		{3E8F2950-7637-4401-A435-3CDFFFD9A12A}.Debug|iPhone.ActiveCfg = Debug|Any CPU
		{3E8F2950-7637-4401-A435-3CDFFFD9A12A}.Debug|iPhone.Build.0 = Debug|Any CPU
		{3E8F2950-7637-4401-A435-3CDFFFD9A12A}.Debug|iPhoneSimulator.ActiveCfg = Debug|Any CPU
		{3E8F2950-7637-4401-A435-3CDFFFD9A12A}.Debug|iPhoneSimulator.Build.0 = Debug|Any CPU
		{3E8F2950-7637-4401-A435-3CDFFFD9A12A}.Debug|Mixed Platforms.ActiveCfg = Debug|Any CPU
		{3E8F2950-7637-4401-A435-3CDFFFD9A12A}.Debug|Mixed Platforms.Build.0 = Debug|Any CPU
		{3E8F2950-7637-4401-A435-3CDFFFD9A12A}.Debug|x64.ActiveCfg = Debug|Any CPU
		{3E8F2950-7637-4401-A435-3CDFFFD9A12A}.Debug|x86.ActiveCfg = Debug|Any CPU
		{3E8F2950-7637-4401-A435-3CDFFFD9A12A}.Release|Any CPU.ActiveCfg = Release|Any CPU
		{3E8F2950-7637-4401-A435-3CDFFFD9A12A}.Release|Any CPU.Build.0 = Release|Any CPU
		{3E8F2950-7637-4401-A435-3CDFFFD9A12A}.Release|ARM.ActiveCfg = Release|Any CPU
		{3E8F2950-7637-4401-A435-3CDFFFD9A12A}.Release|iPhone.ActiveCfg = Release|Any CPU
		{3E8F2950-7637-4401-A435-3CDFFFD9A12A}.Release|iPhone.Build.0 = Release|Any CPU
		{3E8F2950-7637-4401-A435-3CDFFFD9A12A}.Release|iPhoneSimulator.ActiveCfg = Release|Any CPU
		{3E8F2950-7637-4401-A435-3CDFFFD9A12A}.Release|iPhoneSimulator.Build.0 = Release|Any CPU
		{3E8F2950-7637-4401-A435-3CDFFFD9A12A}.Release|Mixed Platforms.ActiveCfg = Release|Any CPU
		{3E8F2950-7637-4401-A435-3CDFFFD9A12A}.Release|Mixed Platforms.Build.0 = Release|Any CPU
		{3E8F2950-7637-4401-A435-3CDFFFD9A12A}.Release|x64.ActiveCfg = Release|Any CPU
		{3E8F2950-7637-4401-A435-3CDFFFD9A12A}.Release|x86.ActiveCfg = Release|Any CPU
		{43273316-7893-4ACC-BD0D-688654554C05}.Debug|Any CPU.ActiveCfg = Debug|Any CPU
		{43273316-7893-4ACC-BD0D-688654554C05}.Debug|Any CPU.Build.0 = Debug|Any CPU
		{43273316-7893-4ACC-BD0D-688654554C05}.Debug|ARM.ActiveCfg = Debug|ARM
		{43273316-7893-4ACC-BD0D-688654554C05}.Debug|ARM.Build.0 = Debug|ARM
		{43273316-7893-4ACC-BD0D-688654554C05}.Debug|iPhone.ActiveCfg = Debug|Any CPU
		{43273316-7893-4ACC-BD0D-688654554C05}.Debug|iPhone.Build.0 = Debug|Any CPU
		{43273316-7893-4ACC-BD0D-688654554C05}.Debug|iPhoneSimulator.ActiveCfg = Debug|Any CPU
		{43273316-7893-4ACC-BD0D-688654554C05}.Debug|iPhoneSimulator.Build.0 = Debug|Any CPU
		{43273316-7893-4ACC-BD0D-688654554C05}.Debug|Mixed Platforms.ActiveCfg = Debug|Any CPU
		{43273316-7893-4ACC-BD0D-688654554C05}.Debug|Mixed Platforms.Build.0 = Debug|Any CPU
		{43273316-7893-4ACC-BD0D-688654554C05}.Debug|x64.ActiveCfg = Debug|Any CPU
		{43273316-7893-4ACC-BD0D-688654554C05}.Debug|x86.ActiveCfg = Debug|x86
		{43273316-7893-4ACC-BD0D-688654554C05}.Debug|x86.Build.0 = Debug|x86
		{43273316-7893-4ACC-BD0D-688654554C05}.Release|Any CPU.ActiveCfg = Release|Any CPU
		{43273316-7893-4ACC-BD0D-688654554C05}.Release|Any CPU.Build.0 = Release|Any CPU
		{43273316-7893-4ACC-BD0D-688654554C05}.Release|ARM.ActiveCfg = Release|ARM
		{43273316-7893-4ACC-BD0D-688654554C05}.Release|ARM.Build.0 = Release|ARM
		{43273316-7893-4ACC-BD0D-688654554C05}.Release|iPhone.ActiveCfg = Release|Any CPU
		{43273316-7893-4ACC-BD0D-688654554C05}.Release|iPhone.Build.0 = Release|Any CPU
		{43273316-7893-4ACC-BD0D-688654554C05}.Release|iPhoneSimulator.ActiveCfg = Release|Any CPU
		{43273316-7893-4ACC-BD0D-688654554C05}.Release|iPhoneSimulator.Build.0 = Release|Any CPU
		{43273316-7893-4ACC-BD0D-688654554C05}.Release|Mixed Platforms.ActiveCfg = Release|Any CPU
		{43273316-7893-4ACC-BD0D-688654554C05}.Release|Mixed Platforms.Build.0 = Release|Any CPU
		{43273316-7893-4ACC-BD0D-688654554C05}.Release|x64.ActiveCfg = Release|Any CPU
		{43273316-7893-4ACC-BD0D-688654554C05}.Release|x86.ActiveCfg = Release|x86
		{43273316-7893-4ACC-BD0D-688654554C05}.Release|x86.Build.0 = Release|x86
		{5713DEE5-890B-4A02-AF5F-B02A1798AEB7}.Debug|Any CPU.ActiveCfg = Debug|Any CPU
		{5713DEE5-890B-4A02-AF5F-B02A1798AEB7}.Debug|Any CPU.Build.0 = Debug|Any CPU
		{5713DEE5-890B-4A02-AF5F-B02A1798AEB7}.Debug|ARM.ActiveCfg = Debug|Any CPU
		{5713DEE5-890B-4A02-AF5F-B02A1798AEB7}.Debug|iPhone.ActiveCfg = Debug|Any CPU
		{5713DEE5-890B-4A02-AF5F-B02A1798AEB7}.Debug|iPhone.Build.0 = Debug|Any CPU
		{5713DEE5-890B-4A02-AF5F-B02A1798AEB7}.Debug|iPhoneSimulator.ActiveCfg = Debug|Any CPU
		{5713DEE5-890B-4A02-AF5F-B02A1798AEB7}.Debug|iPhoneSimulator.Build.0 = Debug|Any CPU
		{5713DEE5-890B-4A02-AF5F-B02A1798AEB7}.Debug|Mixed Platforms.ActiveCfg = Debug|Any CPU
		{5713DEE5-890B-4A02-AF5F-B02A1798AEB7}.Debug|Mixed Platforms.Build.0 = Debug|Any CPU
		{5713DEE5-890B-4A02-AF5F-B02A1798AEB7}.Debug|x64.ActiveCfg = Debug|Any CPU
		{5713DEE5-890B-4A02-AF5F-B02A1798AEB7}.Debug|x86.ActiveCfg = Debug|Any CPU
		{5713DEE5-890B-4A02-AF5F-B02A1798AEB7}.Release|Any CPU.ActiveCfg = Release|Any CPU
		{5713DEE5-890B-4A02-AF5F-B02A1798AEB7}.Release|Any CPU.Build.0 = Release|Any CPU
		{5713DEE5-890B-4A02-AF5F-B02A1798AEB7}.Release|ARM.ActiveCfg = Release|Any CPU
		{5713DEE5-890B-4A02-AF5F-B02A1798AEB7}.Release|iPhone.ActiveCfg = Release|Any CPU
		{5713DEE5-890B-4A02-AF5F-B02A1798AEB7}.Release|iPhone.Build.0 = Release|Any CPU
		{5713DEE5-890B-4A02-AF5F-B02A1798AEB7}.Release|iPhoneSimulator.ActiveCfg = Release|Any CPU
		{5713DEE5-890B-4A02-AF5F-B02A1798AEB7}.Release|iPhoneSimulator.Build.0 = Release|Any CPU
		{5713DEE5-890B-4A02-AF5F-B02A1798AEB7}.Release|Mixed Platforms.ActiveCfg = Release|Any CPU
		{5713DEE5-890B-4A02-AF5F-B02A1798AEB7}.Release|Mixed Platforms.Build.0 = Release|Any CPU
		{5713DEE5-890B-4A02-AF5F-B02A1798AEB7}.Release|x64.ActiveCfg = Release|Any CPU
		{5713DEE5-890B-4A02-AF5F-B02A1798AEB7}.Release|x86.ActiveCfg = Release|Any CPU
		{5A63D433-E137-4EEE-9B6D-B34C98D58464}.Debug|Any CPU.ActiveCfg = Debug|Any CPU
		{5A63D433-E137-4EEE-9B6D-B34C98D58464}.Debug|Any CPU.Build.0 = Debug|Any CPU
		{5A63D433-E137-4EEE-9B6D-B34C98D58464}.Debug|ARM.ActiveCfg = Debug|Any CPU
		{5A63D433-E137-4EEE-9B6D-B34C98D58464}.Debug|iPhone.ActiveCfg = Debug|Any CPU
		{5A63D433-E137-4EEE-9B6D-B34C98D58464}.Debug|iPhone.Build.0 = Debug|Any CPU
		{5A63D433-E137-4EEE-9B6D-B34C98D58464}.Debug|iPhoneSimulator.ActiveCfg = Debug|Any CPU
		{5A63D433-E137-4EEE-9B6D-B34C98D58464}.Debug|iPhoneSimulator.Build.0 = Debug|Any CPU
		{5A63D433-E137-4EEE-9B6D-B34C98D58464}.Debug|Mixed Platforms.ActiveCfg = Debug|Any CPU
		{5A63D433-E137-4EEE-9B6D-B34C98D58464}.Debug|Mixed Platforms.Build.0 = Debug|Any CPU
		{5A63D433-E137-4EEE-9B6D-B34C98D58464}.Debug|x64.ActiveCfg = Debug|Any CPU
		{5A63D433-E137-4EEE-9B6D-B34C98D58464}.Debug|x86.ActiveCfg = Debug|Any CPU
		{5A63D433-E137-4EEE-9B6D-B34C98D58464}.Release|Any CPU.ActiveCfg = Release|Any CPU
		{5A63D433-E137-4EEE-9B6D-B34C98D58464}.Release|Any CPU.Build.0 = Release|Any CPU
		{5A63D433-E137-4EEE-9B6D-B34C98D58464}.Release|ARM.ActiveCfg = Release|Any CPU
		{5A63D433-E137-4EEE-9B6D-B34C98D58464}.Release|iPhone.ActiveCfg = Release|Any CPU
		{5A63D433-E137-4EEE-9B6D-B34C98D58464}.Release|iPhone.Build.0 = Release|Any CPU
		{5A63D433-E137-4EEE-9B6D-B34C98D58464}.Release|iPhoneSimulator.ActiveCfg = Release|Any CPU
		{5A63D433-E137-4EEE-9B6D-B34C98D58464}.Release|iPhoneSimulator.Build.0 = Release|Any CPU
		{5A63D433-E137-4EEE-9B6D-B34C98D58464}.Release|Mixed Platforms.ActiveCfg = Release|Any CPU
		{5A63D433-E137-4EEE-9B6D-B34C98D58464}.Release|Mixed Platforms.Build.0 = Release|Any CPU
		{5A63D433-E137-4EEE-9B6D-B34C98D58464}.Release|x64.ActiveCfg = Release|Any CPU
		{5A63D433-E137-4EEE-9B6D-B34C98D58464}.Release|x86.ActiveCfg = Release|Any CPU
		{640D72A3-0455-4252-9914-1D0698ABAE10}.Debug|Any CPU.ActiveCfg = Debug|Any CPU
		{640D72A3-0455-4252-9914-1D0698ABAE10}.Debug|Any CPU.Build.0 = Debug|Any CPU
		{640D72A3-0455-4252-9914-1D0698ABAE10}.Debug|Any CPU.Deploy.0 = Debug|Any CPU
		{640D72A3-0455-4252-9914-1D0698ABAE10}.Debug|ARM.ActiveCfg = Debug|ARM
		{640D72A3-0455-4252-9914-1D0698ABAE10}.Debug|ARM.Build.0 = Debug|ARM
		{640D72A3-0455-4252-9914-1D0698ABAE10}.Debug|ARM.Deploy.0 = Debug|ARM
		{640D72A3-0455-4252-9914-1D0698ABAE10}.Debug|iPhone.ActiveCfg = Debug|Any CPU
		{640D72A3-0455-4252-9914-1D0698ABAE10}.Debug|iPhone.Build.0 = Debug|Any CPU
		{640D72A3-0455-4252-9914-1D0698ABAE10}.Debug|iPhoneSimulator.ActiveCfg = Debug|Any CPU
		{640D72A3-0455-4252-9914-1D0698ABAE10}.Debug|iPhoneSimulator.Build.0 = Debug|Any CPU
		{640D72A3-0455-4252-9914-1D0698ABAE10}.Debug|Mixed Platforms.ActiveCfg = Debug|Any CPU
		{640D72A3-0455-4252-9914-1D0698ABAE10}.Debug|Mixed Platforms.Build.0 = Debug|Any CPU
		{640D72A3-0455-4252-9914-1D0698ABAE10}.Debug|Mixed Platforms.Deploy.0 = Debug|Any CPU
		{640D72A3-0455-4252-9914-1D0698ABAE10}.Debug|x64.ActiveCfg = Debug|x64
		{640D72A3-0455-4252-9914-1D0698ABAE10}.Debug|x64.Build.0 = Debug|x64
		{640D72A3-0455-4252-9914-1D0698ABAE10}.Debug|x64.Deploy.0 = Debug|x64
		{640D72A3-0455-4252-9914-1D0698ABAE10}.Debug|x86.ActiveCfg = Debug|x86
		{640D72A3-0455-4252-9914-1D0698ABAE10}.Debug|x86.Build.0 = Debug|x86
		{640D72A3-0455-4252-9914-1D0698ABAE10}.Debug|x86.Deploy.0 = Debug|x86
		{640D72A3-0455-4252-9914-1D0698ABAE10}.Release|Any CPU.ActiveCfg = Release|Any CPU
		{640D72A3-0455-4252-9914-1D0698ABAE10}.Release|Any CPU.Build.0 = Release|Any CPU
		{640D72A3-0455-4252-9914-1D0698ABAE10}.Release|Any CPU.Deploy.0 = Release|Any CPU
		{640D72A3-0455-4252-9914-1D0698ABAE10}.Release|ARM.ActiveCfg = Release|ARM
		{640D72A3-0455-4252-9914-1D0698ABAE10}.Release|ARM.Build.0 = Release|ARM
		{640D72A3-0455-4252-9914-1D0698ABAE10}.Release|ARM.Deploy.0 = Release|ARM
		{640D72A3-0455-4252-9914-1D0698ABAE10}.Release|iPhone.ActiveCfg = Release|Any CPU
		{640D72A3-0455-4252-9914-1D0698ABAE10}.Release|iPhone.Build.0 = Release|Any CPU
		{640D72A3-0455-4252-9914-1D0698ABAE10}.Release|iPhoneSimulator.ActiveCfg = Release|Any CPU
		{640D72A3-0455-4252-9914-1D0698ABAE10}.Release|iPhoneSimulator.Build.0 = Release|Any CPU
		{640D72A3-0455-4252-9914-1D0698ABAE10}.Release|Mixed Platforms.ActiveCfg = Release|Any CPU
		{640D72A3-0455-4252-9914-1D0698ABAE10}.Release|Mixed Platforms.Build.0 = Release|Any CPU
		{640D72A3-0455-4252-9914-1D0698ABAE10}.Release|Mixed Platforms.Deploy.0 = Release|Any CPU
		{640D72A3-0455-4252-9914-1D0698ABAE10}.Release|x64.ActiveCfg = Release|x64
		{640D72A3-0455-4252-9914-1D0698ABAE10}.Release|x64.Build.0 = Release|x64
		{640D72A3-0455-4252-9914-1D0698ABAE10}.Release|x64.Deploy.0 = Release|x64
		{640D72A3-0455-4252-9914-1D0698ABAE10}.Release|x86.ActiveCfg = Release|x86
		{640D72A3-0455-4252-9914-1D0698ABAE10}.Release|x86.Build.0 = Release|x86
		{640D72A3-0455-4252-9914-1D0698ABAE10}.Release|x86.Deploy.0 = Release|x86
		{64875168-423C-4A77-9D95-86FC6CF3E7D6}.Debug|Any CPU.ActiveCfg = Debug|Any CPU
		{64875168-423C-4A77-9D95-86FC6CF3E7D6}.Debug|Any CPU.Build.0 = Debug|Any CPU
		{64875168-423C-4A77-9D95-86FC6CF3E7D6}.Debug|ARM.ActiveCfg = Debug|Any CPU
		{64875168-423C-4A77-9D95-86FC6CF3E7D6}.Debug|iPhone.ActiveCfg = Debug|Any CPU
		{64875168-423C-4A77-9D95-86FC6CF3E7D6}.Debug|iPhone.Build.0 = Debug|Any CPU
		{64875168-423C-4A77-9D95-86FC6CF3E7D6}.Debug|iPhoneSimulator.ActiveCfg = Debug|Any CPU
		{64875168-423C-4A77-9D95-86FC6CF3E7D6}.Debug|iPhoneSimulator.Build.0 = Debug|Any CPU
		{64875168-423C-4A77-9D95-86FC6CF3E7D6}.Debug|Mixed Platforms.ActiveCfg = Debug|Any CPU
		{64875168-423C-4A77-9D95-86FC6CF3E7D6}.Debug|Mixed Platforms.Build.0 = Debug|Any CPU
		{64875168-423C-4A77-9D95-86FC6CF3E7D6}.Debug|x64.ActiveCfg = Debug|Any CPU
		{64875168-423C-4A77-9D95-86FC6CF3E7D6}.Debug|x86.ActiveCfg = Debug|Any CPU
		{64875168-423C-4A77-9D95-86FC6CF3E7D6}.Release|Any CPU.ActiveCfg = Release|Any CPU
		{64875168-423C-4A77-9D95-86FC6CF3E7D6}.Release|Any CPU.Build.0 = Release|Any CPU
		{64875168-423C-4A77-9D95-86FC6CF3E7D6}.Release|ARM.ActiveCfg = Release|Any CPU
		{64875168-423C-4A77-9D95-86FC6CF3E7D6}.Release|iPhone.ActiveCfg = Release|Any CPU
		{64875168-423C-4A77-9D95-86FC6CF3E7D6}.Release|iPhone.Build.0 = Release|Any CPU
		{64875168-423C-4A77-9D95-86FC6CF3E7D6}.Release|iPhoneSimulator.ActiveCfg = Release|Any CPU
		{64875168-423C-4A77-9D95-86FC6CF3E7D6}.Release|iPhoneSimulator.Build.0 = Release|Any CPU
		{64875168-423C-4A77-9D95-86FC6CF3E7D6}.Release|Mixed Platforms.ActiveCfg = Release|Any CPU
		{64875168-423C-4A77-9D95-86FC6CF3E7D6}.Release|Mixed Platforms.Build.0 = Release|Any CPU
		{64875168-423C-4A77-9D95-86FC6CF3E7D6}.Release|x64.ActiveCfg = Release|Any CPU
		{64875168-423C-4A77-9D95-86FC6CF3E7D6}.Release|x86.ActiveCfg = Release|Any CPU
		{67EB78F7-A9F7-44B0-B998-40B82CD62DB8}.Debug|Any CPU.ActiveCfg = Debug|Any CPU
		{67EB78F7-A9F7-44B0-B998-40B82CD62DB8}.Debug|Any CPU.Build.0 = Debug|Any CPU
		{67EB78F7-A9F7-44B0-B998-40B82CD62DB8}.Debug|Any CPU.Deploy.0 = Debug|Any CPU
		{67EB78F7-A9F7-44B0-B998-40B82CD62DB8}.Debug|ARM.ActiveCfg = Debug|ARM
		{67EB78F7-A9F7-44B0-B998-40B82CD62DB8}.Debug|ARM.Build.0 = Debug|ARM
		{67EB78F7-A9F7-44B0-B998-40B82CD62DB8}.Debug|ARM.Deploy.0 = Debug|ARM
		{67EB78F7-A9F7-44B0-B998-40B82CD62DB8}.Debug|iPhone.ActiveCfg = Debug|Any CPU
		{67EB78F7-A9F7-44B0-B998-40B82CD62DB8}.Debug|iPhone.Build.0 = Debug|Any CPU
		{67EB78F7-A9F7-44B0-B998-40B82CD62DB8}.Debug|iPhoneSimulator.ActiveCfg = Debug|Any CPU
		{67EB78F7-A9F7-44B0-B998-40B82CD62DB8}.Debug|iPhoneSimulator.Build.0 = Debug|Any CPU
		{67EB78F7-A9F7-44B0-B998-40B82CD62DB8}.Debug|Mixed Platforms.ActiveCfg = Debug|x86
		{67EB78F7-A9F7-44B0-B998-40B82CD62DB8}.Debug|Mixed Platforms.Build.0 = Debug|x86
		{67EB78F7-A9F7-44B0-B998-40B82CD62DB8}.Debug|Mixed Platforms.Deploy.0 = Debug|x86
		{67EB78F7-A9F7-44B0-B998-40B82CD62DB8}.Debug|x64.ActiveCfg = Debug|Any CPU
		{67EB78F7-A9F7-44B0-B998-40B82CD62DB8}.Debug|x86.ActiveCfg = Debug|x86
		{67EB78F7-A9F7-44B0-B998-40B82CD62DB8}.Debug|x86.Build.0 = Debug|x86
		{67EB78F7-A9F7-44B0-B998-40B82CD62DB8}.Debug|x86.Deploy.0 = Debug|x86
		{67EB78F7-A9F7-44B0-B998-40B82CD62DB8}.Release|Any CPU.ActiveCfg = Release|Any CPU
		{67EB78F7-A9F7-44B0-B998-40B82CD62DB8}.Release|Any CPU.Build.0 = Release|Any CPU
		{67EB78F7-A9F7-44B0-B998-40B82CD62DB8}.Release|Any CPU.Deploy.0 = Release|Any CPU
		{67EB78F7-A9F7-44B0-B998-40B82CD62DB8}.Release|ARM.ActiveCfg = Release|ARM
		{67EB78F7-A9F7-44B0-B998-40B82CD62DB8}.Release|ARM.Build.0 = Release|ARM
		{67EB78F7-A9F7-44B0-B998-40B82CD62DB8}.Release|ARM.Deploy.0 = Release|ARM
		{67EB78F7-A9F7-44B0-B998-40B82CD62DB8}.Release|iPhone.ActiveCfg = Release|Any CPU
		{67EB78F7-A9F7-44B0-B998-40B82CD62DB8}.Release|iPhone.Build.0 = Release|Any CPU
		{67EB78F7-A9F7-44B0-B998-40B82CD62DB8}.Release|iPhoneSimulator.ActiveCfg = Release|Any CPU
		{67EB78F7-A9F7-44B0-B998-40B82CD62DB8}.Release|iPhoneSimulator.Build.0 = Release|Any CPU
		{67EB78F7-A9F7-44B0-B998-40B82CD62DB8}.Release|Mixed Platforms.ActiveCfg = Release|x86
		{67EB78F7-A9F7-44B0-B998-40B82CD62DB8}.Release|Mixed Platforms.Build.0 = Release|x86
		{67EB78F7-A9F7-44B0-B998-40B82CD62DB8}.Release|Mixed Platforms.Deploy.0 = Release|x86
		{67EB78F7-A9F7-44B0-B998-40B82CD62DB8}.Release|x64.ActiveCfg = Release|Any CPU
		{67EB78F7-A9F7-44B0-B998-40B82CD62DB8}.Release|x86.ActiveCfg = Release|x86
		{67EB78F7-A9F7-44B0-B998-40B82CD62DB8}.Release|x86.Build.0 = Release|x86
		{67EB78F7-A9F7-44B0-B998-40B82CD62DB8}.Release|x86.Deploy.0 = Release|x86
		{6929E26E-07F9-4BDA-A97F-D2E0A9249556}.Debug|Any CPU.ActiveCfg = Debug|x86
		{6929E26E-07F9-4BDA-A97F-D2E0A9249556}.Debug|Any CPU.Build.0 = Debug|x86
		{6929E26E-07F9-4BDA-A97F-D2E0A9249556}.Debug|ARM.ActiveCfg = Debug|x86
		{6929E26E-07F9-4BDA-A97F-D2E0A9249556}.Debug|ARM.Build.0 = Debug|x86
		{6929E26E-07F9-4BDA-A97F-D2E0A9249556}.Debug|iPhone.ActiveCfg = Debug|x86
		{6929E26E-07F9-4BDA-A97F-D2E0A9249556}.Debug|iPhone.Build.0 = Debug|x86
		{6929E26E-07F9-4BDA-A97F-D2E0A9249556}.Debug|iPhoneSimulator.ActiveCfg = Debug|x86
		{6929E26E-07F9-4BDA-A97F-D2E0A9249556}.Debug|iPhoneSimulator.Build.0 = Debug|x86
		{6929E26E-07F9-4BDA-A97F-D2E0A9249556}.Debug|Mixed Platforms.ActiveCfg = Debug|x86
		{6929E26E-07F9-4BDA-A97F-D2E0A9249556}.Debug|Mixed Platforms.Build.0 = Debug|x86
		{6929E26E-07F9-4BDA-A97F-D2E0A9249556}.Debug|x64.ActiveCfg = Debug|x86
		{6929E26E-07F9-4BDA-A97F-D2E0A9249556}.Debug|x64.Build.0 = Debug|x86
		{6929E26E-07F9-4BDA-A97F-D2E0A9249556}.Debug|x86.ActiveCfg = Debug|x86
		{6929E26E-07F9-4BDA-A97F-D2E0A9249556}.Debug|x86.Build.0 = Debug|x86
		{6929E26E-07F9-4BDA-A97F-D2E0A9249556}.Release|Any CPU.ActiveCfg = Release|x86
		{6929E26E-07F9-4BDA-A97F-D2E0A9249556}.Release|Any CPU.Build.0 = Release|x86
		{6929E26E-07F9-4BDA-A97F-D2E0A9249556}.Release|ARM.ActiveCfg = Release|x86
		{6929E26E-07F9-4BDA-A97F-D2E0A9249556}.Release|ARM.Build.0 = Release|x86
		{6929E26E-07F9-4BDA-A97F-D2E0A9249556}.Release|iPhone.ActiveCfg = Release|x86
		{6929E26E-07F9-4BDA-A97F-D2E0A9249556}.Release|iPhone.Build.0 = Release|x86
		{6929E26E-07F9-4BDA-A97F-D2E0A9249556}.Release|iPhoneSimulator.ActiveCfg = Release|x86
		{6929E26E-07F9-4BDA-A97F-D2E0A9249556}.Release|iPhoneSimulator.Build.0 = Release|x86
		{6929E26E-07F9-4BDA-A97F-D2E0A9249556}.Release|Mixed Platforms.ActiveCfg = Release|x86
		{6929E26E-07F9-4BDA-A97F-D2E0A9249556}.Release|Mixed Platforms.Build.0 = Release|x86
		{6929E26E-07F9-4BDA-A97F-D2E0A9249556}.Release|x64.ActiveCfg = Release|x86
		{6929E26E-07F9-4BDA-A97F-D2E0A9249556}.Release|x64.Build.0 = Release|x86
		{6929E26E-07F9-4BDA-A97F-D2E0A9249556}.Release|x86.ActiveCfg = Release|x86
		{6929E26E-07F9-4BDA-A97F-D2E0A9249556}.Release|x86.Build.0 = Release|x86
		{72C3A018-E672-44BD-8152-684C10888D72}.Debug|Any CPU.ActiveCfg = Debug|Any CPU
		{72C3A018-E672-44BD-8152-684C10888D72}.Debug|Any CPU.Build.0 = Debug|Any CPU
		{72C3A018-E672-44BD-8152-684C10888D72}.Debug|ARM.ActiveCfg = Debug|Any CPU
		{72C3A018-E672-44BD-8152-684C10888D72}.Debug|iPhone.ActiveCfg = Debug|Any CPU
		{72C3A018-E672-44BD-8152-684C10888D72}.Debug|iPhone.Build.0 = Debug|Any CPU
		{72C3A018-E672-44BD-8152-684C10888D72}.Debug|iPhoneSimulator.ActiveCfg = Debug|Any CPU
		{72C3A018-E672-44BD-8152-684C10888D72}.Debug|iPhoneSimulator.Build.0 = Debug|Any CPU
		{72C3A018-E672-44BD-8152-684C10888D72}.Debug|Mixed Platforms.ActiveCfg = Debug|Any CPU
		{72C3A018-E672-44BD-8152-684C10888D72}.Debug|Mixed Platforms.Build.0 = Debug|Any CPU
		{72C3A018-E672-44BD-8152-684C10888D72}.Debug|x64.ActiveCfg = Debug|Any CPU
		{72C3A018-E672-44BD-8152-684C10888D72}.Debug|x86.ActiveCfg = Debug|Any CPU
		{72C3A018-E672-44BD-8152-684C10888D72}.Release|Any CPU.ActiveCfg = Release|Any CPU
		{72C3A018-E672-44BD-8152-684C10888D72}.Release|Any CPU.Build.0 = Release|Any CPU
		{72C3A018-E672-44BD-8152-684C10888D72}.Release|ARM.ActiveCfg = Release|Any CPU
		{72C3A018-E672-44BD-8152-684C10888D72}.Release|iPhone.ActiveCfg = Release|Any CPU
		{72C3A018-E672-44BD-8152-684C10888D72}.Release|iPhone.Build.0 = Release|Any CPU
		{72C3A018-E672-44BD-8152-684C10888D72}.Release|iPhoneSimulator.ActiveCfg = Release|Any CPU
		{72C3A018-E672-44BD-8152-684C10888D72}.Release|iPhoneSimulator.Build.0 = Release|Any CPU
		{72C3A018-E672-44BD-8152-684C10888D72}.Release|Mixed Platforms.ActiveCfg = Release|Any CPU
		{72C3A018-E672-44BD-8152-684C10888D72}.Release|Mixed Platforms.Build.0 = Release|Any CPU
		{72C3A018-E672-44BD-8152-684C10888D72}.Release|x64.ActiveCfg = Release|Any CPU
		{72C3A018-E672-44BD-8152-684C10888D72}.Release|x86.ActiveCfg = Release|Any CPU
		{7B4356EA-A971-4C80-8616-8BB235347A24}.Debug|Any CPU.ActiveCfg = Debug|Any CPU
		{7B4356EA-A971-4C80-8616-8BB235347A24}.Debug|Any CPU.Build.0 = Debug|Any CPU
		{7B4356EA-A971-4C80-8616-8BB235347A24}.Debug|Any CPU.Deploy.0 = Debug|Any CPU
		{7B4356EA-A971-4C80-8616-8BB235347A24}.Debug|ARM.ActiveCfg = Debug|ARM
		{7B4356EA-A971-4C80-8616-8BB235347A24}.Debug|ARM.Build.0 = Debug|ARM
		{7B4356EA-A971-4C80-8616-8BB235347A24}.Debug|ARM.Deploy.0 = Debug|ARM
		{7B4356EA-A971-4C80-8616-8BB235347A24}.Debug|iPhone.ActiveCfg = Debug|Any CPU
		{7B4356EA-A971-4C80-8616-8BB235347A24}.Debug|iPhone.Build.0 = Debug|Any CPU
		{7B4356EA-A971-4C80-8616-8BB235347A24}.Debug|iPhoneSimulator.ActiveCfg = Debug|Any CPU
		{7B4356EA-A971-4C80-8616-8BB235347A24}.Debug|iPhoneSimulator.Build.0 = Debug|Any CPU
		{7B4356EA-A971-4C80-8616-8BB235347A24}.Debug|Mixed Platforms.ActiveCfg = Debug|Any CPU
		{7B4356EA-A971-4C80-8616-8BB235347A24}.Debug|Mixed Platforms.Build.0 = Debug|Any CPU
		{7B4356EA-A971-4C80-8616-8BB235347A24}.Debug|Mixed Platforms.Deploy.0 = Debug|Any CPU
		{7B4356EA-A971-4C80-8616-8BB235347A24}.Debug|x64.ActiveCfg = Debug|x64
		{7B4356EA-A971-4C80-8616-8BB235347A24}.Debug|x64.Build.0 = Debug|x64
		{7B4356EA-A971-4C80-8616-8BB235347A24}.Debug|x64.Deploy.0 = Debug|x64
		{7B4356EA-A971-4C80-8616-8BB235347A24}.Debug|x86.ActiveCfg = Debug|x86
		{7B4356EA-A971-4C80-8616-8BB235347A24}.Debug|x86.Build.0 = Debug|x86
		{7B4356EA-A971-4C80-8616-8BB235347A24}.Debug|x86.Deploy.0 = Debug|x86
		{7B4356EA-A971-4C80-8616-8BB235347A24}.Release|Any CPU.ActiveCfg = Release|Any CPU
		{7B4356EA-A971-4C80-8616-8BB235347A24}.Release|Any CPU.Build.0 = Release|Any CPU
		{7B4356EA-A971-4C80-8616-8BB235347A24}.Release|Any CPU.Deploy.0 = Release|Any CPU
		{7B4356EA-A971-4C80-8616-8BB235347A24}.Release|ARM.ActiveCfg = Release|ARM
		{7B4356EA-A971-4C80-8616-8BB235347A24}.Release|ARM.Build.0 = Release|ARM
		{7B4356EA-A971-4C80-8616-8BB235347A24}.Release|ARM.Deploy.0 = Release|ARM
		{7B4356EA-A971-4C80-8616-8BB235347A24}.Release|iPhone.ActiveCfg = Release|Any CPU
		{7B4356EA-A971-4C80-8616-8BB235347A24}.Release|iPhone.Build.0 = Release|Any CPU
		{7B4356EA-A971-4C80-8616-8BB235347A24}.Release|iPhoneSimulator.ActiveCfg = Release|Any CPU
		{7B4356EA-A971-4C80-8616-8BB235347A24}.Release|iPhoneSimulator.Build.0 = Release|Any CPU
		{7B4356EA-A971-4C80-8616-8BB235347A24}.Release|Mixed Platforms.ActiveCfg = Release|Any CPU
		{7B4356EA-A971-4C80-8616-8BB235347A24}.Release|Mixed Platforms.Build.0 = Release|Any CPU
		{7B4356EA-A971-4C80-8616-8BB235347A24}.Release|Mixed Platforms.Deploy.0 = Release|Any CPU
		{7B4356EA-A971-4C80-8616-8BB235347A24}.Release|x64.ActiveCfg = Release|x64
		{7B4356EA-A971-4C80-8616-8BB235347A24}.Release|x64.Build.0 = Release|x64
		{7B4356EA-A971-4C80-8616-8BB235347A24}.Release|x64.Deploy.0 = Release|x64
		{7B4356EA-A971-4C80-8616-8BB235347A24}.Release|x86.ActiveCfg = Release|x86
		{7B4356EA-A971-4C80-8616-8BB235347A24}.Release|x86.Build.0 = Release|x86
		{7B4356EA-A971-4C80-8616-8BB235347A24}.Release|x86.Deploy.0 = Release|x86
		{A652B754-02B9-406F-AC13-E0EE109BC92D}.Debug|Any CPU.ActiveCfg = Debug|Any CPU
		{A652B754-02B9-406F-AC13-E0EE109BC92D}.Debug|Any CPU.Build.0 = Debug|Any CPU
		{A652B754-02B9-406F-AC13-E0EE109BC92D}.Debug|ARM.ActiveCfg = Debug|Any CPU
		{A652B754-02B9-406F-AC13-E0EE109BC92D}.Debug|iPhone.ActiveCfg = Debug|Any CPU
		{A652B754-02B9-406F-AC13-E0EE109BC92D}.Debug|iPhone.Build.0 = Debug|Any CPU
		{A652B754-02B9-406F-AC13-E0EE109BC92D}.Debug|iPhoneSimulator.ActiveCfg = Debug|Any CPU
		{A652B754-02B9-406F-AC13-E0EE109BC92D}.Debug|iPhoneSimulator.Build.0 = Debug|Any CPU
		{A652B754-02B9-406F-AC13-E0EE109BC92D}.Debug|Mixed Platforms.ActiveCfg = Debug|Any CPU
		{A652B754-02B9-406F-AC13-E0EE109BC92D}.Debug|Mixed Platforms.Build.0 = Debug|Any CPU
		{A652B754-02B9-406F-AC13-E0EE109BC92D}.Debug|x64.ActiveCfg = Debug|Any CPU
		{A652B754-02B9-406F-AC13-E0EE109BC92D}.Debug|x86.ActiveCfg = Debug|Any CPU
		{A652B754-02B9-406F-AC13-E0EE109BC92D}.Release|Any CPU.ActiveCfg = Release|Any CPU
		{A652B754-02B9-406F-AC13-E0EE109BC92D}.Release|Any CPU.Build.0 = Release|Any CPU
		{A652B754-02B9-406F-AC13-E0EE109BC92D}.Release|ARM.ActiveCfg = Release|Any CPU
		{A652B754-02B9-406F-AC13-E0EE109BC92D}.Release|iPhone.ActiveCfg = Release|Any CPU
		{A652B754-02B9-406F-AC13-E0EE109BC92D}.Release|iPhone.Build.0 = Release|Any CPU
		{A652B754-02B9-406F-AC13-E0EE109BC92D}.Release|iPhoneSimulator.ActiveCfg = Release|Any CPU
		{A652B754-02B9-406F-AC13-E0EE109BC92D}.Release|iPhoneSimulator.Build.0 = Release|Any CPU
		{A652B754-02B9-406F-AC13-E0EE109BC92D}.Release|Mixed Platforms.ActiveCfg = Release|Any CPU
		{A652B754-02B9-406F-AC13-E0EE109BC92D}.Release|Mixed Platforms.Build.0 = Release|Any CPU
		{A652B754-02B9-406F-AC13-E0EE109BC92D}.Release|x64.ActiveCfg = Release|Any CPU
		{A652B754-02B9-406F-AC13-E0EE109BC92D}.Release|x86.ActiveCfg = Release|Any CPU
		{AAC78484-EE4C-45D7-9CF1-30CF23A75F79}.Debug|Any CPU.ActiveCfg = Debug|Any CPU
		{AAC78484-EE4C-45D7-9CF1-30CF23A75F79}.Debug|Any CPU.Build.0 = Debug|Any CPU
		{AAC78484-EE4C-45D7-9CF1-30CF23A75F79}.Debug|ARM.ActiveCfg = Debug|Any CPU
		{AAC78484-EE4C-45D7-9CF1-30CF23A75F79}.Debug|ARM.Build.0 = Debug|Any CPU
		{AAC78484-EE4C-45D7-9CF1-30CF23A75F79}.Debug|iPhone.ActiveCfg = Debug|Any CPU
		{AAC78484-EE4C-45D7-9CF1-30CF23A75F79}.Debug|iPhone.Build.0 = Debug|Any CPU
		{AAC78484-EE4C-45D7-9CF1-30CF23A75F79}.Debug|iPhoneSimulator.ActiveCfg = Debug|Any CPU
		{AAC78484-EE4C-45D7-9CF1-30CF23A75F79}.Debug|iPhoneSimulator.Build.0 = Debug|Any CPU
		{AAC78484-EE4C-45D7-9CF1-30CF23A75F79}.Debug|Mixed Platforms.ActiveCfg = Debug|Any CPU
		{AAC78484-EE4C-45D7-9CF1-30CF23A75F79}.Debug|Mixed Platforms.Build.0 = Debug|Any CPU
		{AAC78484-EE4C-45D7-9CF1-30CF23A75F79}.Debug|x64.ActiveCfg = Debug|Any CPU
		{AAC78484-EE4C-45D7-9CF1-30CF23A75F79}.Debug|x64.Build.0 = Debug|Any CPU
		{AAC78484-EE4C-45D7-9CF1-30CF23A75F79}.Debug|x86.ActiveCfg = Debug|Any CPU
		{AAC78484-EE4C-45D7-9CF1-30CF23A75F79}.Debug|x86.Build.0 = Debug|Any CPU
		{AAC78484-EE4C-45D7-9CF1-30CF23A75F79}.Release|Any CPU.ActiveCfg = Release|Any CPU
		{AAC78484-EE4C-45D7-9CF1-30CF23A75F79}.Release|Any CPU.Build.0 = Release|Any CPU
		{AAC78484-EE4C-45D7-9CF1-30CF23A75F79}.Release|ARM.ActiveCfg = Release|Any CPU
		{AAC78484-EE4C-45D7-9CF1-30CF23A75F79}.Release|ARM.Build.0 = Release|Any CPU
		{AAC78484-EE4C-45D7-9CF1-30CF23A75F79}.Release|iPhone.ActiveCfg = Release|Any CPU
		{AAC78484-EE4C-45D7-9CF1-30CF23A75F79}.Release|iPhone.Build.0 = Release|Any CPU
		{AAC78484-EE4C-45D7-9CF1-30CF23A75F79}.Release|iPhoneSimulator.ActiveCfg = Release|Any CPU
		{AAC78484-EE4C-45D7-9CF1-30CF23A75F79}.Release|iPhoneSimulator.Build.0 = Release|Any CPU
		{AAC78484-EE4C-45D7-9CF1-30CF23A75F79}.Release|Mixed Platforms.ActiveCfg = Release|Any CPU
		{AAC78484-EE4C-45D7-9CF1-30CF23A75F79}.Release|Mixed Platforms.Build.0 = Release|Any CPU
		{AAC78484-EE4C-45D7-9CF1-30CF23A75F79}.Release|x64.ActiveCfg = Release|Any CPU
		{AAC78484-EE4C-45D7-9CF1-30CF23A75F79}.Release|x64.Build.0 = Release|Any CPU
		{AAC78484-EE4C-45D7-9CF1-30CF23A75F79}.Release|x86.ActiveCfg = Release|Any CPU
		{AAC78484-EE4C-45D7-9CF1-30CF23A75F79}.Release|x86.Build.0 = Release|Any CPU
		{AE2F141F-7C66-492E-883D-F02E23BB56D3}.Debug|Any CPU.ActiveCfg = Debug|Any CPU
		{AE2F141F-7C66-492E-883D-F02E23BB56D3}.Debug|Any CPU.Build.0 = Debug|Any CPU
		{AE2F141F-7C66-492E-883D-F02E23BB56D3}.Debug|ARM.ActiveCfg = Debug|ARM
		{AE2F141F-7C66-492E-883D-F02E23BB56D3}.Debug|ARM.Build.0 = Debug|ARM
		{AE2F141F-7C66-492E-883D-F02E23BB56D3}.Debug|iPhone.ActiveCfg = Debug|Any CPU
		{AE2F141F-7C66-492E-883D-F02E23BB56D3}.Debug|iPhoneSimulator.ActiveCfg = Debug|Any CPU
		{AE2F141F-7C66-492E-883D-F02E23BB56D3}.Debug|Mixed Platforms.ActiveCfg = Debug|x86
		{AE2F141F-7C66-492E-883D-F02E23BB56D3}.Debug|Mixed Platforms.Build.0 = Debug|x86
		{AE2F141F-7C66-492E-883D-F02E23BB56D3}.Debug|x64.ActiveCfg = Debug|x64
		{AE2F141F-7C66-492E-883D-F02E23BB56D3}.Debug|x64.Build.0 = Debug|x64
		{AE2F141F-7C66-492E-883D-F02E23BB56D3}.Debug|x86.ActiveCfg = Debug|x86
		{AE2F141F-7C66-492E-883D-F02E23BB56D3}.Debug|x86.Build.0 = Debug|x86
		{AE2F141F-7C66-492E-883D-F02E23BB56D3}.Release|Any CPU.ActiveCfg = Release|Any CPU
		{AE2F141F-7C66-492E-883D-F02E23BB56D3}.Release|Any CPU.Build.0 = Release|Any CPU
		{AE2F141F-7C66-492E-883D-F02E23BB56D3}.Release|ARM.ActiveCfg = Release|ARM
		{AE2F141F-7C66-492E-883D-F02E23BB56D3}.Release|ARM.Build.0 = Release|ARM
		{AE2F141F-7C66-492E-883D-F02E23BB56D3}.Release|iPhone.ActiveCfg = Release|Any CPU
		{AE2F141F-7C66-492E-883D-F02E23BB56D3}.Release|iPhoneSimulator.ActiveCfg = Release|Any CPU
		{AE2F141F-7C66-492E-883D-F02E23BB56D3}.Release|Mixed Platforms.ActiveCfg = Release|x86
		{AE2F141F-7C66-492E-883D-F02E23BB56D3}.Release|Mixed Platforms.Build.0 = Release|x86
		{AE2F141F-7C66-492E-883D-F02E23BB56D3}.Release|x64.ActiveCfg = Release|x64
		{AE2F141F-7C66-492E-883D-F02E23BB56D3}.Release|x64.Build.0 = Release|x64
		{AE2F141F-7C66-492E-883D-F02E23BB56D3}.Release|x86.ActiveCfg = Release|x86
		{AE2F141F-7C66-492E-883D-F02E23BB56D3}.Release|x86.Build.0 = Release|x86
		{B41DE76A-D3E6-4DA3-A711-3B4DE68625C6}.Debug|Any CPU.ActiveCfg = Debug|x86
		{B41DE76A-D3E6-4DA3-A711-3B4DE68625C6}.Debug|ARM.ActiveCfg = Debug|ARM
		{B41DE76A-D3E6-4DA3-A711-3B4DE68625C6}.Debug|ARM.Build.0 = Debug|ARM
		{B41DE76A-D3E6-4DA3-A711-3B4DE68625C6}.Debug|ARM.Deploy.0 = Debug|ARM
		{B41DE76A-D3E6-4DA3-A711-3B4DE68625C6}.Debug|iPhone.ActiveCfg = Debug|Any CPU
		{B41DE76A-D3E6-4DA3-A711-3B4DE68625C6}.Debug|iPhoneSimulator.ActiveCfg = Debug|Any CPU
		{B41DE76A-D3E6-4DA3-A711-3B4DE68625C6}.Debug|Mixed Platforms.ActiveCfg = Debug|x86
		{B41DE76A-D3E6-4DA3-A711-3B4DE68625C6}.Debug|Mixed Platforms.Build.0 = Debug|x86
		{B41DE76A-D3E6-4DA3-A711-3B4DE68625C6}.Debug|Mixed Platforms.Deploy.0 = Debug|x86
		{B41DE76A-D3E6-4DA3-A711-3B4DE68625C6}.Debug|x64.ActiveCfg = Debug|x64
		{B41DE76A-D3E6-4DA3-A711-3B4DE68625C6}.Debug|x64.Build.0 = Debug|x64
		{B41DE76A-D3E6-4DA3-A711-3B4DE68625C6}.Debug|x64.Deploy.0 = Debug|x64
		{B41DE76A-D3E6-4DA3-A711-3B4DE68625C6}.Debug|x86.ActiveCfg = Debug|x86
		{B41DE76A-D3E6-4DA3-A711-3B4DE68625C6}.Debug|x86.Build.0 = Debug|x86
		{B41DE76A-D3E6-4DA3-A711-3B4DE68625C6}.Debug|x86.Deploy.0 = Debug|x86
		{B41DE76A-D3E6-4DA3-A711-3B4DE68625C6}.Release|Any CPU.ActiveCfg = Release|x86
		{B41DE76A-D3E6-4DA3-A711-3B4DE68625C6}.Release|ARM.ActiveCfg = Release|ARM
		{B41DE76A-D3E6-4DA3-A711-3B4DE68625C6}.Release|ARM.Build.0 = Release|ARM
		{B41DE76A-D3E6-4DA3-A711-3B4DE68625C6}.Release|ARM.Deploy.0 = Release|ARM
		{B41DE76A-D3E6-4DA3-A711-3B4DE68625C6}.Release|iPhone.ActiveCfg = Release|Any CPU
		{B41DE76A-D3E6-4DA3-A711-3B4DE68625C6}.Release|iPhoneSimulator.ActiveCfg = Release|Any CPU
		{B41DE76A-D3E6-4DA3-A711-3B4DE68625C6}.Release|Mixed Platforms.ActiveCfg = Release|x86
		{B41DE76A-D3E6-4DA3-A711-3B4DE68625C6}.Release|Mixed Platforms.Build.0 = Release|x86
		{B41DE76A-D3E6-4DA3-A711-3B4DE68625C6}.Release|Mixed Platforms.Deploy.0 = Release|x86
		{B41DE76A-D3E6-4DA3-A711-3B4DE68625C6}.Release|x64.ActiveCfg = Release|x64
		{B41DE76A-D3E6-4DA3-A711-3B4DE68625C6}.Release|x64.Build.0 = Release|x64
		{B41DE76A-D3E6-4DA3-A711-3B4DE68625C6}.Release|x64.Deploy.0 = Release|x64
		{B41DE76A-D3E6-4DA3-A711-3B4DE68625C6}.Release|x86.ActiveCfg = Release|x86
		{B41DE76A-D3E6-4DA3-A711-3B4DE68625C6}.Release|x86.Build.0 = Release|x86
		{B41DE76A-D3E6-4DA3-A711-3B4DE68625C6}.Release|x86.Deploy.0 = Release|x86
		{DDB58B14-98D7-4F04-A743-07B81D60ED08}.Debug|Any CPU.ActiveCfg = Debug|Any CPU
		{DDB58B14-98D7-4F04-A743-07B81D60ED08}.Debug|Any CPU.Build.0 = Debug|Any CPU
		{DDB58B14-98D7-4F04-A743-07B81D60ED08}.Debug|ARM.ActiveCfg = Debug|Any CPU
		{DDB58B14-98D7-4F04-A743-07B81D60ED08}.Debug|iPhone.ActiveCfg = Debug|Any CPU
		{DDB58B14-98D7-4F04-A743-07B81D60ED08}.Debug|iPhone.Build.0 = Debug|Any CPU
		{DDB58B14-98D7-4F04-A743-07B81D60ED08}.Debug|iPhoneSimulator.ActiveCfg = Debug|Any CPU
		{DDB58B14-98D7-4F04-A743-07B81D60ED08}.Debug|iPhoneSimulator.Build.0 = Debug|Any CPU
		{DDB58B14-98D7-4F04-A743-07B81D60ED08}.Debug|Mixed Platforms.ActiveCfg = Debug|Any CPU
		{DDB58B14-98D7-4F04-A743-07B81D60ED08}.Debug|Mixed Platforms.Build.0 = Debug|Any CPU
		{DDB58B14-98D7-4F04-A743-07B81D60ED08}.Debug|x64.ActiveCfg = Debug|Any CPU
		{DDB58B14-98D7-4F04-A743-07B81D60ED08}.Debug|x86.ActiveCfg = Debug|Any CPU
		{DDB58B14-98D7-4F04-A743-07B81D60ED08}.Release|Any CPU.ActiveCfg = Release|Any CPU
		{DDB58B14-98D7-4F04-A743-07B81D60ED08}.Release|Any CPU.Build.0 = Release|Any CPU
		{DDB58B14-98D7-4F04-A743-07B81D60ED08}.Release|ARM.ActiveCfg = Release|Any CPU
		{DDB58B14-98D7-4F04-A743-07B81D60ED08}.Release|iPhone.ActiveCfg = Release|Any CPU
		{DDB58B14-98D7-4F04-A743-07B81D60ED08}.Release|iPhone.Build.0 = Release|Any CPU
		{DDB58B14-98D7-4F04-A743-07B81D60ED08}.Release|iPhoneSimulator.ActiveCfg = Release|Any CPU
		{DDB58B14-98D7-4F04-A743-07B81D60ED08}.Release|iPhoneSimulator.Build.0 = Release|Any CPU
		{DDB58B14-98D7-4F04-A743-07B81D60ED08}.Release|Mixed Platforms.ActiveCfg = Release|Any CPU
		{DDB58B14-98D7-4F04-A743-07B81D60ED08}.Release|Mixed Platforms.Build.0 = Release|Any CPU
		{DDB58B14-98D7-4F04-A743-07B81D60ED08}.Release|x64.ActiveCfg = Release|Any CPU
		{DDB58B14-98D7-4F04-A743-07B81D60ED08}.Release|x86.ActiveCfg = Release|Any CPU
		{EDD9EF4E-74FC-4314-8AAB-FC9AD6B2CCF4}.Debug|Any CPU.ActiveCfg = Debug|iPhoneSimulator
		{EDD9EF4E-74FC-4314-8AAB-FC9AD6B2CCF4}.Debug|Any CPU.Build.0 = Debug|iPhoneSimulator
		{EDD9EF4E-74FC-4314-8AAB-FC9AD6B2CCF4}.Debug|ARM.ActiveCfg = Debug|iPhoneSimulator
		{EDD9EF4E-74FC-4314-8AAB-FC9AD6B2CCF4}.Debug|ARM.Build.0 = Debug|iPhoneSimulator
		{EDD9EF4E-74FC-4314-8AAB-FC9AD6B2CCF4}.Debug|iPhone.ActiveCfg = Debug|iPhone
		{EDD9EF4E-74FC-4314-8AAB-FC9AD6B2CCF4}.Debug|iPhone.Build.0 = Debug|iPhone
		{EDD9EF4E-74FC-4314-8AAB-FC9AD6B2CCF4}.Debug|iPhoneSimulator.ActiveCfg = Debug|iPhoneSimulator
		{EDD9EF4E-74FC-4314-8AAB-FC9AD6B2CCF4}.Debug|iPhoneSimulator.Build.0 = Debug|iPhoneSimulator
		{EDD9EF4E-74FC-4314-8AAB-FC9AD6B2CCF4}.Debug|Mixed Platforms.ActiveCfg = Debug|iPhoneSimulator
		{EDD9EF4E-74FC-4314-8AAB-FC9AD6B2CCF4}.Debug|Mixed Platforms.Build.0 = Debug|iPhoneSimulator
		{EDD9EF4E-74FC-4314-8AAB-FC9AD6B2CCF4}.Debug|x64.ActiveCfg = Debug|iPhoneSimulator
		{EDD9EF4E-74FC-4314-8AAB-FC9AD6B2CCF4}.Debug|x64.Build.0 = Debug|iPhoneSimulator
		{EDD9EF4E-74FC-4314-8AAB-FC9AD6B2CCF4}.Debug|x86.ActiveCfg = Debug|iPhoneSimulator
		{EDD9EF4E-74FC-4314-8AAB-FC9AD6B2CCF4}.Debug|x86.Build.0 = Debug|iPhoneSimulator
		{EDD9EF4E-74FC-4314-8AAB-FC9AD6B2CCF4}.Release|Any CPU.ActiveCfg = Release|iPhone
		{EDD9EF4E-74FC-4314-8AAB-FC9AD6B2CCF4}.Release|Any CPU.Build.0 = Release|iPhone
		{EDD9EF4E-74FC-4314-8AAB-FC9AD6B2CCF4}.Release|ARM.ActiveCfg = Release|iPhone
		{EDD9EF4E-74FC-4314-8AAB-FC9AD6B2CCF4}.Release|ARM.Build.0 = Release|iPhone
		{EDD9EF4E-74FC-4314-8AAB-FC9AD6B2CCF4}.Release|iPhone.ActiveCfg = Release|iPhone
		{EDD9EF4E-74FC-4314-8AAB-FC9AD6B2CCF4}.Release|iPhone.Build.0 = Release|iPhone
		{EDD9EF4E-74FC-4314-8AAB-FC9AD6B2CCF4}.Release|iPhoneSimulator.ActiveCfg = Release|iPhoneSimulator
		{EDD9EF4E-74FC-4314-8AAB-FC9AD6B2CCF4}.Release|iPhoneSimulator.Build.0 = Release|iPhoneSimulator
		{EDD9EF4E-74FC-4314-8AAB-FC9AD6B2CCF4}.Release|Mixed Platforms.ActiveCfg = Release|iPhone
		{EDD9EF4E-74FC-4314-8AAB-FC9AD6B2CCF4}.Release|Mixed Platforms.Build.0 = Release|iPhone
		{EDD9EF4E-74FC-4314-8AAB-FC9AD6B2CCF4}.Release|x64.ActiveCfg = Release|iPhone
		{EDD9EF4E-74FC-4314-8AAB-FC9AD6B2CCF4}.Release|x64.Build.0 = Release|iPhone
		{EDD9EF4E-74FC-4314-8AAB-FC9AD6B2CCF4}.Release|x86.ActiveCfg = Release|iPhone
		{EDD9EF4E-74FC-4314-8AAB-FC9AD6B2CCF4}.Release|x86.Build.0 = Release|iPhone
		{EE41878B-5EEA-4A43-9031-532AE7D557AD}.Debug|Any CPU.ActiveCfg = Debug|Any CPU
		{EE41878B-5EEA-4A43-9031-532AE7D557AD}.Debug|Any CPU.Build.0 = Debug|Any CPU
		{EE41878B-5EEA-4A43-9031-532AE7D557AD}.Debug|Any CPU.Deploy.0 = Debug|Any CPU
		{EE41878B-5EEA-4A43-9031-532AE7D557AD}.Debug|ARM.ActiveCfg = Debug|ARM
		{EE41878B-5EEA-4A43-9031-532AE7D557AD}.Debug|ARM.Build.0 = Debug|ARM
		{EE41878B-5EEA-4A43-9031-532AE7D557AD}.Debug|ARM.Deploy.0 = Debug|ARM
		{EE41878B-5EEA-4A43-9031-532AE7D557AD}.Debug|iPhone.ActiveCfg = Debug|Any CPU
		{EE41878B-5EEA-4A43-9031-532AE7D557AD}.Debug|iPhone.Build.0 = Debug|Any CPU
		{EE41878B-5EEA-4A43-9031-532AE7D557AD}.Debug|iPhoneSimulator.ActiveCfg = Debug|Any CPU
		{EE41878B-5EEA-4A43-9031-532AE7D557AD}.Debug|iPhoneSimulator.Build.0 = Debug|Any CPU
		{EE41878B-5EEA-4A43-9031-532AE7D557AD}.Debug|Mixed Platforms.ActiveCfg = Debug|Any CPU
		{EE41878B-5EEA-4A43-9031-532AE7D557AD}.Debug|Mixed Platforms.Build.0 = Debug|Any CPU
		{EE41878B-5EEA-4A43-9031-532AE7D557AD}.Debug|Mixed Platforms.Deploy.0 = Debug|Any CPU
		{EE41878B-5EEA-4A43-9031-532AE7D557AD}.Debug|x64.ActiveCfg = Debug|Any CPU
		{EE41878B-5EEA-4A43-9031-532AE7D557AD}.Debug|x86.ActiveCfg = Debug|x86
		{EE41878B-5EEA-4A43-9031-532AE7D557AD}.Debug|x86.Build.0 = Debug|x86
		{EE41878B-5EEA-4A43-9031-532AE7D557AD}.Debug|x86.Deploy.0 = Debug|x86
		{EE41878B-5EEA-4A43-9031-532AE7D557AD}.Release|Any CPU.ActiveCfg = Release|Any CPU
		{EE41878B-5EEA-4A43-9031-532AE7D557AD}.Release|Any CPU.Build.0 = Release|Any CPU
		{EE41878B-5EEA-4A43-9031-532AE7D557AD}.Release|Any CPU.Deploy.0 = Release|Any CPU
		{EE41878B-5EEA-4A43-9031-532AE7D557AD}.Release|ARM.ActiveCfg = Release|ARM
		{EE41878B-5EEA-4A43-9031-532AE7D557AD}.Release|ARM.Build.0 = Release|ARM
		{EE41878B-5EEA-4A43-9031-532AE7D557AD}.Release|ARM.Deploy.0 = Release|ARM
		{EE41878B-5EEA-4A43-9031-532AE7D557AD}.Release|iPhone.ActiveCfg = Release|Any CPU
		{EE41878B-5EEA-4A43-9031-532AE7D557AD}.Release|iPhone.Build.0 = Release|Any CPU
		{EE41878B-5EEA-4A43-9031-532AE7D557AD}.Release|iPhoneSimulator.ActiveCfg = Release|Any CPU
		{EE41878B-5EEA-4A43-9031-532AE7D557AD}.Release|iPhoneSimulator.Build.0 = Release|Any CPU
		{EE41878B-5EEA-4A43-9031-532AE7D557AD}.Release|Mixed Platforms.ActiveCfg = Release|Any CPU
		{EE41878B-5EEA-4A43-9031-532AE7D557AD}.Release|Mixed Platforms.Build.0 = Release|Any CPU
		{EE41878B-5EEA-4A43-9031-532AE7D557AD}.Release|Mixed Platforms.Deploy.0 = Release|Any CPU
		{EE41878B-5EEA-4A43-9031-532AE7D557AD}.Release|x64.ActiveCfg = Release|Any CPU
		{EE41878B-5EEA-4A43-9031-532AE7D557AD}.Release|x86.ActiveCfg = Release|x86
		{EE41878B-5EEA-4A43-9031-532AE7D557AD}.Release|x86.Build.0 = Release|x86
		{EE41878B-5EEA-4A43-9031-532AE7D557AD}.Release|x86.Deploy.0 = Release|x86
		{F8634EC8-26BB-4631-8663-CBDD93294F28}.Debug|Any CPU.ActiveCfg = Debug|x86
		{F8634EC8-26BB-4631-8663-CBDD93294F28}.Debug|Any CPU.Build.0 = Debug|x86
		{F8634EC8-26BB-4631-8663-CBDD93294F28}.Debug|ARM.ActiveCfg = Debug|x86
		{F8634EC8-26BB-4631-8663-CBDD93294F28}.Debug|ARM.Build.0 = Debug|x86
		{F8634EC8-26BB-4631-8663-CBDD93294F28}.Debug|iPhone.ActiveCfg = Debug|x86
		{F8634EC8-26BB-4631-8663-CBDD93294F28}.Debug|iPhone.Build.0 = Debug|x86
		{F8634EC8-26BB-4631-8663-CBDD93294F28}.Debug|iPhoneSimulator.ActiveCfg = Debug|x86
		{F8634EC8-26BB-4631-8663-CBDD93294F28}.Debug|iPhoneSimulator.Build.0 = Debug|x86
		{F8634EC8-26BB-4631-8663-CBDD93294F28}.Debug|Mixed Platforms.ActiveCfg = Debug|x86
		{F8634EC8-26BB-4631-8663-CBDD93294F28}.Debug|Mixed Platforms.Build.0 = Debug|x86
		{F8634EC8-26BB-4631-8663-CBDD93294F28}.Debug|x64.ActiveCfg = Debug|x86
		{F8634EC8-26BB-4631-8663-CBDD93294F28}.Debug|x64.Build.0 = Debug|x86
		{F8634EC8-26BB-4631-8663-CBDD93294F28}.Debug|x86.ActiveCfg = Debug|x86
		{F8634EC8-26BB-4631-8663-CBDD93294F28}.Debug|x86.Build.0 = Debug|x86
		{F8634EC8-26BB-4631-8663-CBDD93294F28}.Release|Any CPU.ActiveCfg = Release|x86
		{F8634EC8-26BB-4631-8663-CBDD93294F28}.Release|Any CPU.Build.0 = Release|x86
		{F8634EC8-26BB-4631-8663-CBDD93294F28}.Release|ARM.ActiveCfg = Release|x86
		{F8634EC8-26BB-4631-8663-CBDD93294F28}.Release|ARM.Build.0 = Release|x86
		{F8634EC8-26BB-4631-8663-CBDD93294F28}.Release|iPhone.ActiveCfg = Release|x86
		{F8634EC8-26BB-4631-8663-CBDD93294F28}.Release|iPhone.Build.0 = Release|x86
		{F8634EC8-26BB-4631-8663-CBDD93294F28}.Release|iPhoneSimulator.ActiveCfg = Release|x86
		{F8634EC8-26BB-4631-8663-CBDD93294F28}.Release|iPhoneSimulator.Build.0 = Release|x86
		{F8634EC8-26BB-4631-8663-CBDD93294F28}.Release|Mixed Platforms.ActiveCfg = Release|x86
		{F8634EC8-26BB-4631-8663-CBDD93294F28}.Release|Mixed Platforms.Build.0 = Release|x86
		{F8634EC8-26BB-4631-8663-CBDD93294F28}.Release|x64.ActiveCfg = Release|x86
		{F8634EC8-26BB-4631-8663-CBDD93294F28}.Release|x64.Build.0 = Release|x86
		{F8634EC8-26BB-4631-8663-CBDD93294F28}.Release|x86.ActiveCfg = Release|x86
		{F8634EC8-26BB-4631-8663-CBDD93294F28}.Release|x86.Build.0 = Release|x86
		{FEA1B013-A454-4545-8B17-F132A65F7562}.Debug|Any CPU.ActiveCfg = Debug|Any CPU
		{FEA1B013-A454-4545-8B17-F132A65F7562}.Debug|Any CPU.Build.0 = Debug|Any CPU
		{FEA1B013-A454-4545-8B17-F132A65F7562}.Debug|ARM.ActiveCfg = Debug|Any CPU
		{FEA1B013-A454-4545-8B17-F132A65F7562}.Debug|iPhone.ActiveCfg = Debug|Any CPU
		{FEA1B013-A454-4545-8B17-F132A65F7562}.Debug|iPhone.Build.0 = Debug|Any CPU
		{FEA1B013-A454-4545-8B17-F132A65F7562}.Debug|iPhoneSimulator.ActiveCfg = Debug|Any CPU
		{FEA1B013-A454-4545-8B17-F132A65F7562}.Debug|iPhoneSimulator.Build.0 = Debug|Any CPU
		{FEA1B013-A454-4545-8B17-F132A65F7562}.Debug|Mixed Platforms.ActiveCfg = Debug|Any CPU
		{FEA1B013-A454-4545-8B17-F132A65F7562}.Debug|Mixed Platforms.Build.0 = Debug|Any CPU
		{FEA1B013-A454-4545-8B17-F132A65F7562}.Debug|x64.ActiveCfg = Debug|Any CPU
		{FEA1B013-A454-4545-8B17-F132A65F7562}.Debug|x86.ActiveCfg = Debug|Any CPU
		{FEA1B013-A454-4545-8B17-F132A65F7562}.Release|Any CPU.ActiveCfg = Release|Any CPU
		{FEA1B013-A454-4545-8B17-F132A65F7562}.Release|Any CPU.Build.0 = Release|Any CPU
		{FEA1B013-A454-4545-8B17-F132A65F7562}.Release|ARM.ActiveCfg = Release|Any CPU
		{FEA1B013-A454-4545-8B17-F132A65F7562}.Release|iPhone.ActiveCfg = Release|Any CPU
		{FEA1B013-A454-4545-8B17-F132A65F7562}.Release|iPhone.Build.0 = Release|Any CPU
		{FEA1B013-A454-4545-8B17-F132A65F7562}.Release|iPhoneSimulator.ActiveCfg = Release|Any CPU
		{FEA1B013-A454-4545-8B17-F132A65F7562}.Release|iPhoneSimulator.Build.0 = Release|Any CPU
		{FEA1B013-A454-4545-8B17-F132A65F7562}.Release|Mixed Platforms.ActiveCfg = Release|Any CPU
		{FEA1B013-A454-4545-8B17-F132A65F7562}.Release|Mixed Platforms.Build.0 = Release|Any CPU
		{FEA1B013-A454-4545-8B17-F132A65F7562}.Release|x64.ActiveCfg = Release|Any CPU
		{FEA1B013-A454-4545-8B17-F132A65F7562}.Release|x86.ActiveCfg = Release|Any CPU
		{389598AB-F02F-4394-A047-FC44B990D842}.Debug|Any CPU.ActiveCfg = Debug|Any CPU
		{389598AB-F02F-4394-A047-FC44B990D842}.Debug|Any CPU.Build.0 = Debug|Any CPU
		{389598AB-F02F-4394-A047-FC44B990D842}.Debug|ARM.ActiveCfg = Debug|Any CPU
		{389598AB-F02F-4394-A047-FC44B990D842}.Debug|ARM.Build.0 = Debug|Any CPU
		{389598AB-F02F-4394-A047-FC44B990D842}.Debug|Mixed Platforms.ActiveCfg = Debug|Any CPU
		{389598AB-F02F-4394-A047-FC44B990D842}.Debug|Mixed Platforms.Build.0 = Debug|Any CPU
		{389598AB-F02F-4394-A047-FC44B990D842}.Debug|x64.ActiveCfg = Debug|Any CPU
		{389598AB-F02F-4394-A047-FC44B990D842}.Debug|x64.Build.0 = Debug|Any CPU
		{389598AB-F02F-4394-A047-FC44B990D842}.Debug|x86.ActiveCfg = Debug|Any CPU
		{389598AB-F02F-4394-A047-FC44B990D842}.Debug|x86.Build.0 = Debug|Any CPU
		{389598AB-F02F-4394-A047-FC44B990D842}.Release|Any CPU.ActiveCfg = Release|Any CPU
		{389598AB-F02F-4394-A047-FC44B990D842}.Release|Any CPU.Build.0 = Release|Any CPU
		{389598AB-F02F-4394-A047-FC44B990D842}.Release|ARM.ActiveCfg = Release|Any CPU
		{389598AB-F02F-4394-A047-FC44B990D842}.Release|ARM.Build.0 = Release|Any CPU
		{389598AB-F02F-4394-A047-FC44B990D842}.Release|Mixed Platforms.ActiveCfg = Release|Any CPU
		{389598AB-F02F-4394-A047-FC44B990D842}.Release|Mixed Platforms.Build.0 = Release|Any CPU
		{389598AB-F02F-4394-A047-FC44B990D842}.Release|x64.ActiveCfg = Release|Any CPU
		{389598AB-F02F-4394-A047-FC44B990D842}.Release|x64.Build.0 = Release|Any CPU
		{389598AB-F02F-4394-A047-FC44B990D842}.Release|x86.ActiveCfg = Release|Any CPU
		{389598AB-F02F-4394-A047-FC44B990D842}.Release|x86.Build.0 = Release|Any CPU
		{389598AB-F02F-4394-A047-FC44B990D842}.Debug|iPhoneSimulator.ActiveCfg = Debug|Any CPU
		{389598AB-F02F-4394-A047-FC44B990D842}.Debug|iPhoneSimulator.Build.0 = Debug|Any CPU
		{389598AB-F02F-4394-A047-FC44B990D842}.Release|iPhone.ActiveCfg = Release|Any CPU
		{389598AB-F02F-4394-A047-FC44B990D842}.Release|iPhone.Build.0 = Release|Any CPU
		{389598AB-F02F-4394-A047-FC44B990D842}.Release|iPhoneSimulator.ActiveCfg = Release|Any CPU
		{389598AB-F02F-4394-A047-FC44B990D842}.Release|iPhoneSimulator.Build.0 = Release|Any CPU
		{389598AB-F02F-4394-A047-FC44B990D842}.Debug|iPhone.ActiveCfg = Debug|Any CPU
		{389598AB-F02F-4394-A047-FC44B990D842}.Debug|iPhone.Build.0 = Debug|Any CPU
	EndGlobalSection
	GlobalSection(NestedProjects) = preSolution
	EndGlobalSection
	GlobalSection(SolutionProperties) = preSolution
		HideSolutionNode = FALSE
	EndGlobalSection
EndGlobal
